
Microsoft Visual Studio Solution File, Format Version 11.00
# Visual Studio 2010
Project("{FAE04EC0-301F-11D3-BF4B-00C04F79EFBC}") = "CleanEstimate", "CleanEstimate\CleanEstimate.csproj", "{0ABD4A64-572E-4BBA-828D-46E59449ED6C}"
EndProject
Project("{FAE04EC0-301F-11D3-BF4B-00C04F79EFBC}") = "Test1", "Test1\Test1.csproj", "{D65FF415-4B1B-4A8E-BDE2-059996BAB22C}"
EndProject
Global
	GlobalSection(SolutionConfigurationPlatforms) = preSolution
		Debug|Any CPU = Debug|Any CPU
		Release|Any CPU = Release|Any CPU
	EndGlobalSection
	GlobalSection(ProjectConfigurationPlatforms) = postSolution
		{0ABD4A64-572E-4BBA-828D-46E59449ED6C}.Debug|Any CPU.ActiveCfg = Debug|Any CPU
		{0ABD4A64-572E-4BBA-828D-46E59449ED6C}.Debug|Any CPU.Build.0 = Debug|Any CPU
		{0ABD4A64-572E-4BBA-828D-46E59449ED6C}.Release|Any CPU.ActiveCfg = Release|Any CPU
		{0ABD4A64-572E-4BBA-828D-46E59449ED6C}.Release|Any CPU.Build.0 = Release|Any CPU
		{D65FF415-4B1B-4A8E-BDE2-059996BAB22C}.Debug|Any CPU.ActiveCfg = Debug|Any CPU
		{D65FF415-4B1B-4A8E-BDE2-059996BAB22C}.Debug|Any CPU.Build.0 = Debug|Any CPU
		{D65FF415-4B1B-4A8E-BDE2-059996BAB22C}.Release|Any CPU.ActiveCfg = Release|Any CPU
		{D65FF415-4B1B-4A8E-BDE2-059996BAB22C}.Release|Any CPU.Build.0 = Release|Any CPU
	EndGlobalSection
	GlobalSection(SolutionProperties) = preSolution
		HideSolutionNode = FALSE
	EndGlobalSection
EndGlobal
